
Microsoft Visual Studio Solution File, Format Version 12.00
# Visual Studio 15
VisualStudioVersion = 15.0.26730.15
MinimumVisualStudioVersion = 10.0.40219.1
Project("{FAE04EC0-301F-11D3-BF4B-00C04F79EFBC}") = "RateLimiter", "RateLimiter\RateLimiter.csproj", "{36F4BDC6-D3DA-403A-8DB7-0C79F94B938F}"
EndProject
Project("{2150E333-8FDC-42A3-9474-1A3956D46DE8}") = "Solution Items", "Solution Items", "{9B206889-9841-4B5E-B79B-D5B2610CCCFF}"
	ProjectSection(SolutionItems) = preProject
		README.md = README.md
	EndProjectSection
EndProject
Project("{FAE04EC0-301F-11D3-BF4B-00C04F79EFBC}") = "RateLimiter.UnitTests", "RateLimiter.UnitTests\RateLimiter.UnitTests.csproj", "{35A881C2-3032-4F7C-9FD7-9E04DBBE61DF}"
EndProject
Project("{FAE04EC0-301F-11D3-BF4B-00C04F79EFBC}") = "RateLimiter.Services", "RateLimiter.Services\RateLimiter.Services.csproj", "{200D5243-CD6B-47B5-90FF-2871F837679F}"
EndProject
Project("{FAE04EC0-301F-11D3-BF4B-00C04F79EFBC}") = "RateLimiter.Repository", "RateLimiter.Repository\RateLimiter.Repository.csproj", "{CE732C57-72EC-43E9-BF1F-23C7686D7A26}"
EndProject
Project("{FAE04EC0-301F-11D3-BF4B-00C04F79EFBC}") = "RateLimiter.Common", "RateLimiter.Common\RateLimiter.Common.csproj", "{CAEFF906-EC16-4A61-A9C1-BD9D58060594}"
EndProject
Global
	GlobalSection(SolutionConfigurationPlatforms) = preSolution
		Debug|Any CPU = Debug|Any CPU
		Release|Any CPU = Release|Any CPU
	EndGlobalSection
	GlobalSection(ProjectConfigurationPlatforms) = postSolution
		{36F4BDC6-D3DA-403A-8DB7-0C79F94B938F}.Debug|Any CPU.ActiveCfg = Debug|Any CPU
		{36F4BDC6-D3DA-403A-8DB7-0C79F94B938F}.Debug|Any CPU.Build.0 = Debug|Any CPU
		{36F4BDC6-D3DA-403A-8DB7-0C79F94B938F}.Release|Any CPU.ActiveCfg = Release|Any CPU
		{36F4BDC6-D3DA-403A-8DB7-0C79F94B938F}.Release|Any CPU.Build.0 = Release|Any CPU
		{35A881C2-3032-4F7C-9FD7-9E04DBBE61DF}.Debug|Any CPU.ActiveCfg = Debug|Any CPU
		{35A881C2-3032-4F7C-9FD7-9E04DBBE61DF}.Debug|Any CPU.Build.0 = Debug|Any CPU
		{35A881C2-3032-4F7C-9FD7-9E04DBBE61DF}.Release|Any CPU.ActiveCfg = Release|Any CPU
		{35A881C2-3032-4F7C-9FD7-9E04DBBE61DF}.Release|Any CPU.Build.0 = Release|Any CPU
		{200D5243-CD6B-47B5-90FF-2871F837679F}.Debug|Any CPU.ActiveCfg = Debug|Any CPU
		{200D5243-CD6B-47B5-90FF-2871F837679F}.Debug|Any CPU.Build.0 = Debug|Any CPU
		{200D5243-CD6B-47B5-90FF-2871F837679F}.Release|Any CPU.ActiveCfg = Release|Any CPU
		{200D5243-CD6B-47B5-90FF-2871F837679F}.Release|Any CPU.Build.0 = Release|Any CPU
		{CE732C57-72EC-43E9-BF1F-23C7686D7A26}.Debug|Any CPU.ActiveCfg = Debug|Any CPU
		{CE732C57-72EC-43E9-BF1F-23C7686D7A26}.Debug|Any CPU.Build.0 = Debug|Any CPU
		{CE732C57-72EC-43E9-BF1F-23C7686D7A26}.Release|Any CPU.ActiveCfg = Release|Any CPU
		{CE732C57-72EC-43E9-BF1F-23C7686D7A26}.Release|Any CPU.Build.0 = Release|Any CPU
		{CAEFF906-EC16-4A61-A9C1-BD9D58060594}.Debug|Any CPU.ActiveCfg = Debug|Any CPU
		{CAEFF906-EC16-4A61-A9C1-BD9D58060594}.Debug|Any CPU.Build.0 = Debug|Any CPU
		{CAEFF906-EC16-4A61-A9C1-BD9D58060594}.Release|Any CPU.ActiveCfg = Release|Any CPU
		{CAEFF906-EC16-4A61-A9C1-BD9D58060594}.Release|Any CPU.Build.0 = Release|Any CPU
	EndGlobalSection
	GlobalSection(SolutionProperties) = preSolution
		HideSolutionNode = FALSE
	EndGlobalSection
	GlobalSection(ExtensibilityGlobals) = postSolution
		SolutionGuid = {67D05CB6-8603-4C96-97E5-C6CEFBEC6134}
	EndGlobalSection
EndGlobal
